{
  "version": "1.0.0",
  "dependencies": {
    "rocks": {
      "01a3c364614bddff7370223a5a9c4580f8e62d144384148444c518ec5367a59b": {
        "name": "mediator_lua",
        "version": "1.1.2-0",
        "pinned": false,
        "opt": false,
        "dependencies": [],
        "constraint": ">=1.1.1",
        "binaries": [],
        "source": "luarocks_rockspec+https://luarocks.org/",
        "source_url": {
          "type": "url",
          "url": "https://github.com/Olivine-Labs/mediator_lua/archive/v1.1.2-0.tar.gz"
        },
        "hashes": {
          "rockspec": "sha256-dR3r7+CqAPqTwK5jcZIgVSiemUiwIx0UMMIUEY/bPzs=",
          "source": "sha256-+vWFn9IIG+Tp5PuIc6LcZffv8/2T1t0U2mX44SP8/5s="
        }
      },
      "05666c34d38735abe68d222a431d184138f3d9aca5d7f63caa998d18348451e3": {
        "name": "luacs",
        "version": "1.0.2-0",
        "pinned": false,
        "opt": false,
        "dependencies": [],
        "constraint": null,
        "binaries": [],
        "source": "luarocks_rockspec+https://luarocks.org/",
        "source_url": {
          "type": "url",
          "url": "https://github.com/clear-code/luacs/archive/1.0.2.zip"
        },
        "hashes": {
          "rockspec": "sha256-orrypjynVqpiMfDX++U2RhOBwCXtAzugUTAlqaoc3I0=",
          "source": "sha256-DjXa4M/dKvB6tprsi62LANlHPdcd+1mQ+gvHJmE+CzI="
        }
      },
      "1f09dde68877d89ee2f20ecc54415c896fd426a534cfc5a11c594d35fa101024": {
        "name": "lua_cliargs",
        "version": "3.0.2-1",
        "pinned": false,
        "opt": false,
        "dependencies": [],
        "constraint": "=3.0",
        "binaries": [],
        "source": "luarocks_rockspec+https://luarocks.org/",
        "source_url": {
          "type": "git",
          "url": "https://github.com/lunarmodules/lua_cliargs.git",
          "ref": "v3.0.2"
        },
        "hashes": {
          "rockspec": "sha256-7qJVHj/KebRkOmK8pxNspNeuXIksdExjKrNhdWOy474=",
          "source": "sha256-wL3qBQ8Lu3q8DK2Kaeo1dgzIHd8evaxFYJg47CcQiSg="
        }
      },
      "287e827f4a088d41bba04af5f61a13614346c16fe8150eb7c4246e67d6fd163e": {
        "name": "lua-term",
        "version": "0.8-1",
        "pinned": false,
        "opt": false,
        "dependencies": [],
        "constraint": ">=0.1",
        "binaries": [],
        "source": "luarocks_rockspec+https://luarocks.org/",
        "source_url": {
          "type": "url",
          "url": "https://github.com/hoelzro/lua-term/archive/0.08.tar.gz"
        },
        "hashes": {
          "rockspec": "sha256-QB/befI0oJBIBdaM+a+zuQT8dTk0f+ZDLQxq1IekSJw=",
          "source": "sha256-j/lPOQ6p2YxzRpk3PKOwzlANZRsqscuNfSM2/Ft5ze0="
        }
      },
      "34129f813423997ad76e8fd0a13791835fe9c95ab6fa28ab5020c5fb1296c7a7": {
        "name": "xmlua",
        "version": "1.2.2-0",
        "pinned": false,
        "opt": false,
        "dependencies": [
          "05666c34d38735abe68d222a431d184138f3d9aca5d7f63caa998d18348451e3"
        ],
        "constraint": "^1.2.2",
        "binaries": [],
        "source": "luarocks_rockspec+https://luarocks.org/",
        "source_url": {
          "type": "url",
          "url": "https://github.com/clear-code/xmlua/archive/1.2.2.zip"
        },
        "hashes": {
          "rockspec": "sha256-5vtSMMe0g3GNVc9qOaEMgIC5nSYWiF4YJxbWERfDsbo=",
          "source": "sha256-HcGbABTdyQ5xaRYIlz8INNsY962kpHGLNPMLVOSjbeI="
        }
      },
      "455cd98d50c6191a9685cffcda4ce783efbb957934625e134c39f43bd5df6818": {
        "name": "luassert",
        "version": "1.9.0-1",
        "pinned": false,
        "opt": false,
        "dependencies": [],
        "constraint": ">=1.9.0",
        "binaries": [],
        "source": "luarocks_rockspec+https://luarocks.org/",
        "source_url": {
          "type": "git",
          "url": "https://github.com/lunarmodules/luassert.git",
          "ref": "v1.9.0"
        },
        "hashes": {
          "rockspec": "sha256-rTPvF/GK/jMnH/q4wbwTCGBFELWh+JcvHeOCFAbIf64=",
          "source": "sha256-jjdB95Vr5iVsh5T7E84WwZMW6/5H2k2R/ny2VBs2l3I="
        }
      },
      "6ce29c2c535c40246c386c056f24689344cddb56ec397473931431e6b67694d2": {
        "name": "say",
        "version": "1.4.1-3",
        "pinned": false,
        "opt": false,
        "dependencies": [],
        "constraint": ">=1.4",
        "binaries": [],
        "source": "luarocks_rockspec+https://luarocks.org/",
        "source_url": {
          "type": "git",
          "url": "https://github.com/lunarmodules/say.git",
          "ref": "v1.4.1"
        },
        "hashes": {
          "rockspec": "sha256-WFKt1iWeyjO9A8SG0KUX8tkS9JvMqoVM8CKBUguuK0Y=",
          "source": "sha256-IjNkK1leVtYgbEjUqguVMjbdW+0BHAOCE0pazrVuF50="
        }
      },
      "832fd9862ce671c0c9777855d4c8b19f9ad9c2679fb5466c3a183785a51b76b0": {
        "name": "luafilesystem",
        "version": "1.8.0-1",
        "pinned": false,
        "opt": false,
        "dependencies": [],
        "constraint": null,
        "binaries": [],
        "source": "luarocks_rockspec+https://luarocks.org/",
        "source_url": {
          "type": "git",
          "url": "https://github.com/keplerproject/luafilesystem",
          "ref": "v1_8_0"
        },
        "hashes": {
          "rockspec": "sha256-ylWfvz35v68L9Sa92bQHDfFylaS7PEmZr62cBfRU06I=",
          "source": "sha256-pEA+Z1pkykWLTT6NHQ5lo8roOh2P0fiHtnK+byTkF5o="
        }
      },
      "a27baa562ec517db972c28b51356f4cff0396de1a30a00b9704765cfc1a880fd": {
        "name": "penlight",
        "version": "1.14.0-2",
        "pinned": false,
        "opt": false,
        "dependencies": [
          "832fd9862ce671c0c9777855d4c8b19f9ad9c2679fb5466c3a183785a51b76b0"
        ],
        "constraint": ">=1.3.2",
        "binaries": [],
        "source": "luarocks_rockspec+https://luarocks.org/",
        "source_url": {
          "type": "git",
          "url": "https://github.com/lunarmodules/penlight.git",
          "ref": "1.14.0"
        },
        "hashes": {
          "rockspec": "sha256-BzMb/dooPMwy4REKyAApu/5dnEVtYwhBTDPPGhA+QD8=",
          "source": "sha256-4zAt0GgQEkg9toaUaDn3ST3RvjLUDsuOzrKi9lhq0fQ="
        }
      },
      "a4842a7e596a11584767c2223c89c21a0b67c58a417a9a6ce8cec5cd2857c69c": {
        "name": "luafilesystem-ffi",
        "version": "scm-1",
        "pinned": false,
        "opt": false,
        "dependencies": [],
        "constraint": "scm",
        "binaries": [],
        "source": "luarocks_rockspec+https://luarocks.org/",
        "source_url": {
          "type": "git",
          "url": "https://github.com/spacewander/luafilesystem.git",
          "ref": "c94341d5de41a7b4e9801b94331e0268abdffa2a"
        },
        "hashes": {
          "rockspec": "sha256-HR6kCORYNf/Xi5vHNtiwPrIOA/rYVnAgLEJfCq6uca4=",
          "source": "sha256-jzSjbrM2Xv7GMy8yTP1mvDtnNna5SWFkQCsFjrG1iE4="
        }
      },
      "e4f17b9e67313bbd5e90f425672fc8998dd0bfa43335f7c57ed2de7a799e07a6": {
        "name": "dkjson",
        "version": "2.8-1",
        "pinned": false,
        "opt": false,
        "dependencies": [],
        "constraint": ">=2.1.0",
        "binaries": [],
        "source": "luarocks_rockspec+https://luarocks.org/",
        "source_url": {
          "type": "url",
          "url": "http://dkolf.de/dkjson-lua/dkjson-2.8.tar.gz"
        },
        "hashes": {
          "rockspec": "sha256-arasJeX7yQ2Rg70RyepiGNvLdiyQz8Wn4HXrdTEIBBg=",
          "source": "sha256-JOjNO+uRwchh63uz+8m9QYu/+a1KpdBHGBYlgjajFTI="
        }
      },
      "e7fd04c07e45cf72dc578736e69552b7a980612f181fa5543194a032a8f802dc": {
        "name": "busted",
        "version": "2.2.0-1",
        "pinned": false,
        "opt": false,
        "dependencies": [
          "1f09dde68877d89ee2f20ecc54415c896fd426a534cfc5a11c594d35fa101024",
          "efd42fc7f4224400821b1b65c1a5e18542cbb7eae095ff681574d3e1cb84f4ff",
          "e4f17b9e67313bbd5e90f425672fc8998dd0bfa43335f7c57ed2de7a799e07a6",
          "6ce29c2c535c40246c386c056f24689344cddb56ec397473931431e6b67694d2",
          "455cd98d50c6191a9685cffcda4ce783efbb957934625e134c39f43bd5df6818",
          "287e827f4a088d41bba04af5f61a13614346c16fe8150eb7c4246e67d6fd163e",
          "a27baa562ec517db972c28b51356f4cff0396de1a30a00b9704765cfc1a880fd",
          "01a3c364614bddff7370223a5a9c4580f8e62d144384148444c518ec5367a59b"
        ],
        "constraint": "^2.2.0",
        "binaries": [
          "busted"
        ],
        "source": "luarocks_rockspec+https://luarocks.org/",
        "source_url": {
          "type": "git",
          "url": "https://github.com/lunarmodules/busted.git",
          "ref": "v2.2.0"
        },
        "hashes": {
          "rockspec": "sha256-zj6KqOotJVv+BaqYLin0yifoNTVWvg3oeByQyiiZn0A=",
          "source": "sha256-5LxPqmoUwR3XaIToKUgap0L/sNS9uOV080MIenyLnl8="
        }
      },
      "efd42fc7f4224400821b1b65c1a5e18542cbb7eae095ff681574d3e1cb84f4ff": {
        "name": "luasystem",
        "version": "0.5.1-1",
        "pinned": false,
        "opt": false,
        "dependencies": [],
        "constraint": ">=0.2.0",
        "binaries": [],
        "source": "luarocks_rockspec+https://luarocks.org/",
        "source_url": {
          "type": "git",
          "url": "https://github.com/lunarmodules/luasystem.git",
          "ref": "v0.5.1"
        },
        "hashes": {
          "rockspec": "sha256-wES/1xAro+rsRAI7H9MHD+MXt5nKYNr7GzTxN9TYKio=",
          "source": "sha256-+dkXf4F2mZgQSRQRpJnjwo5Swi06Pi2BQjjY5p3PQGc="
        }
      }
    },
    "entrypoints": [
      "a4842a7e596a11584767c2223c89c21a0b67c58a417a9a6ce8cec5cd2857c69c",
      "e7fd04c07e45cf72dc578736e69552b7a980612f181fa5543194a032a8f802dc",
      "34129f813423997ad76e8fd0a13791835fe9c95ab6fa28ab5020c5fb1296c7a7"
    ]
  },
  "test_dependencies": {
    "rocks": {
      "01a3c364614bddff7370223a5a9c4580f8e62d144384148444c518ec5367a59b": {
        "name": "mediator_lua",
        "version": "1.1.2-0",
        "pinned": false,
        "opt": false,
        "dependencies": [],
        "constraint": ">=1.1.1",
        "binaries": [],
        "source": "luarocks_rockspec+https://luarocks.org/",
        "source_url": {
          "type": "url",
          "url": "https://github.com/Olivine-Labs/mediator_lua/archive/v1.1.2-0.tar.gz"
        },
        "hashes": {
          "rockspec": "sha256-dR3r7+CqAPqTwK5jcZIgVSiemUiwIx0UMMIUEY/bPzs=",
          "source": "sha256-+vWFn9IIG+Tp5PuIc6LcZffv8/2T1t0U2mX44SP8/5s="
        }
      },
      "1f09dde68877d89ee2f20ecc54415c896fd426a534cfc5a11c594d35fa101024": {
        "name": "lua_cliargs",
        "version": "3.0.2-1",
        "pinned": false,
        "opt": false,
        "dependencies": [],
        "constraint": "=3.0",
        "binaries": [],
        "source": "luarocks_rockspec+https://luarocks.org/",
        "source_url": {
          "type": "git",
          "url": "https://github.com/lunarmodules/lua_cliargs.git",
          "ref": "v3.0.2"
        },
        "hashes": {
          "rockspec": "sha256-7qJVHj/KebRkOmK8pxNspNeuXIksdExjKrNhdWOy474=",
          "source": "sha256-wL3qBQ8Lu3q8DK2Kaeo1dgzIHd8evaxFYJg47CcQiSg="
        }
      },
      "287e827f4a088d41bba04af5f61a13614346c16fe8150eb7c4246e67d6fd163e": {
        "name": "lua-term",
        "version": "0.8-1",
        "pinned": false,
        "opt": false,
        "dependencies": [],
        "constraint": ">=0.1",
        "binaries": [],
        "source": "luarocks_rockspec+https://luarocks.org/",
        "source_url": {
          "type": "url",
          "url": "https://github.com/hoelzro/lua-term/archive/0.08.tar.gz"
        },
        "hashes": {
          "rockspec": "sha256-QB/befI0oJBIBdaM+a+zuQT8dTk0f+ZDLQxq1IekSJw=",
          "source": "sha256-j/lPOQ6p2YxzRpk3PKOwzlANZRsqscuNfSM2/Ft5ze0="
        }
      },
      "455cd98d50c6191a9685cffcda4ce783efbb957934625e134c39f43bd5df6818": {
        "name": "luassert",
        "version": "1.9.0-1",
        "pinned": false,
        "opt": false,
        "dependencies": [
          "4e9592a499c9ced4f8ce366db9db7d9c0dd1424ea8d4c8c16c1550ea3a61a696"
        ],
        "constraint": ">=1.9.0",
        "binaries": [],
        "source": "luarocks_rockspec+https://luarocks.org/",
        "source_url": {
          "type": "git",
          "url": "https://github.com/lunarmodules/luassert.git",
          "ref": "v1.9.0"
        },
        "hashes": {
          "rockspec": "sha256-rTPvF/GK/jMnH/q4wbwTCGBFELWh+JcvHeOCFAbIf64=",
          "source": "sha256-jjdB95Vr5iVsh5T7E84WwZMW6/5H2k2R/ny2VBs2l3I="
        }
      },
      "4e9592a499c9ced4f8ce366db9db7d9c0dd1424ea8d4c8c16c1550ea3a61a696": {
        "name": "say",
        "version": "1.4.1-3",
        "pinned": false,
        "opt": false,
        "dependencies": [],
        "constraint": ">=1.4.0",
        "binaries": [],
        "source": "luarocks_rockspec+https://luarocks.org/",
        "source_url": {
          "type": "git",
          "url": "https://github.com/lunarmodules/say.git",
          "ref": "v1.4.1"
        },
        "hashes": {
          "rockspec": "sha256-WFKt1iWeyjO9A8SG0KUX8tkS9JvMqoVM8CKBUguuK0Y=",
          "source": "sha256-IjNkK1leVtYgbEjUqguVMjbdW+0BHAOCE0pazrVuF50="
        }
      },
      "56b98be57b1a97b869fd8ded0d2c0b9ce0b6b052e2d5abf84d060748617b2c90": {
        "name": "busted",
        "version": "2.2.0-1",
        "pinned": false,
        "opt": false,
        "dependencies": [
          "1f09dde68877d89ee2f20ecc54415c896fd426a534cfc5a11c594d35fa101024",
          "efd42fc7f4224400821b1b65c1a5e18542cbb7eae095ff681574d3e1cb84f4ff",
          "e4f17b9e67313bbd5e90f425672fc8998dd0bfa43335f7c57ed2de7a799e07a6",
          "6ce29c2c535c40246c386c056f24689344cddb56ec397473931431e6b67694d2",
          "455cd98d50c6191a9685cffcda4ce783efbb957934625e134c39f43bd5df6818",
          "287e827f4a088d41bba04af5f61a13614346c16fe8150eb7c4246e67d6fd163e",
          "a27baa562ec517db972c28b51356f4cff0396de1a30a00b9704765cfc1a880fd",
          "01a3c364614bddff7370223a5a9c4580f8e62d144384148444c518ec5367a59b"
        ],
        "constraint": null,
        "binaries": [
          "busted"
        ],
        "source": "luarocks_rockspec+https://luarocks.org/",
        "source_url": {
          "type": "git",
          "url": "https://github.com/lunarmodules/busted.git",
          "ref": "v2.2.0"
        },
        "hashes": {
          "rockspec": "sha256-zj6KqOotJVv+BaqYLin0yifoNTVWvg3oeByQyiiZn0A=",
          "source": "sha256-5LxPqmoUwR3XaIToKUgap0L/sNS9uOV080MIenyLnl8="
        }
      },
      "6ce29c2c535c40246c386c056f24689344cddb56ec397473931431e6b67694d2": {
        "name": "say",
        "version": "1.4.1-3",
        "pinned": false,
        "opt": false,
        "dependencies": [],
        "constraint": ">=1.4",
        "binaries": [],
        "source": "luarocks_rockspec+https://luarocks.org/",
        "source_url": {
          "type": "git",
          "url": "https://github.com/lunarmodules/say.git",
          "ref": "v1.4.1"
        },
        "hashes": {
          "rockspec": "sha256-WFKt1iWeyjO9A8SG0KUX8tkS9JvMqoVM8CKBUguuK0Y=",
          "source": "sha256-IjNkK1leVtYgbEjUqguVMjbdW+0BHAOCE0pazrVuF50="
        }
      },
      "a27baa562ec517db972c28b51356f4cff0396de1a30a00b9704765cfc1a880fd": {
        "name": "penlight",
        "version": "1.14.0-2",
        "pinned": false,
        "opt": false,
        "dependencies": [],
        "constraint": ">=1.3.2",
        "binaries": [],
        "source": "luarocks_rockspec+https://luarocks.org/",
        "source_url": {
          "type": "git",
          "url": "https://github.com/lunarmodules/penlight.git",
          "ref": "1.14.0"
        },
        "hashes": {
          "rockspec": "sha256-BzMb/dooPMwy4REKyAApu/5dnEVtYwhBTDPPGhA+QD8=",
          "source": "sha256-4zAt0GgQEkg9toaUaDn3ST3RvjLUDsuOzrKi9lhq0fQ="
        }
      },
      "e4f17b9e67313bbd5e90f425672fc8998dd0bfa43335f7c57ed2de7a799e07a6": {
        "name": "dkjson",
        "version": "2.8-1",
        "pinned": false,
        "opt": false,
        "dependencies": [],
        "constraint": ">=2.1.0",
        "binaries": [],
        "source": "luarocks_rockspec+https://luarocks.org/",
        "source_url": {
          "type": "url",
          "url": "http://dkolf.de/dkjson-lua/dkjson-2.8.tar.gz"
        },
        "hashes": {
          "rockspec": "sha256-arasJeX7yQ2Rg70RyepiGNvLdiyQz8Wn4HXrdTEIBBg=",
          "source": "sha256-JOjNO+uRwchh63uz+8m9QYu/+a1KpdBHGBYlgjajFTI="
        }
      },
      "efd42fc7f4224400821b1b65c1a5e18542cbb7eae095ff681574d3e1cb84f4ff": {
        "name": "luasystem",
        "version": "0.5.1-1",
        "pinned": false,
        "opt": false,
        "dependencies": [],
        "constraint": ">=0.2.0",
        "binaries": [],
        "source": "luarocks_rockspec+https://luarocks.org/",
        "source_url": {
          "type": "git",
          "url": "https://github.com/lunarmodules/luasystem.git",
          "ref": "v0.5.1"
        },
        "hashes": {
          "rockspec": "sha256-wES/1xAro+rsRAI7H9MHD+MXt5nKYNr7GzTxN9TYKio=",
          "source": "sha256-+dkXf4F2mZgQSRQRpJnjwo5Swi06Pi2BQjjY5p3PQGc="
        }
      }
    },
    "entrypoints": [
      "56b98be57b1a97b869fd8ded0d2c0b9ce0b6b052e2d5abf84d060748617b2c90"
    ]
  }
}